
Microsoft Visual Studio Solution File, Format Version 12.00
# Visual Studio Version 17
VisualStudioVersion = 17.7.34031.279
MinimumVisualStudioVersion = 10.0.40219.1
Project("{9A19103F-16F7-4668-BE54-9A1E7A4F7556}") = "CleanArchitectureApp", "CleanArchitectureApp.csproj", "{DE8D380D-AD73-4B69-A2D7-3A76800550A9}"
EndProject
Project("{9A19103F-16F7-4668-BE54-9A1E7A4F7556}") = "CleanArchitectureApp.Entities", "..\CleanArchitectureApp.Entities\CleanArchitectureApp.Entities.csproj", "{218AB2A0-179F-43CA-85E7-46D17F57C016}"
EndProject
Project("{9A19103F-16F7-4668-BE54-9A1E7A4F7556}") = "CleanArchitectureApp.EfCore", "..\CleanArchitectureApp.EfCore\CleanArchitectureApp.EfCore.csproj", "{D8873A9D-82F3-42D1-B425-B111B90BC9DA}"
EndProject
Project("{2150E333-8FDC-42A3-9474-1A3956D46DE8}") = "EnterpriseBusinessRules", "EnterpriseBusinessRules", "{E09D86D9-52DF-45B4-9880-E59B1FD437CC}"
EndProject
Project("{2150E333-8FDC-42A3-9474-1A3956D46DE8}") = "ApplicationBusinessRules", "ApplicationBusinessRules", "{805738EF-0872-4DD8-B214-A232CEF1FD5C}"
EndProject
Project("{2150E333-8FDC-42A3-9474-1A3956D46DE8}") = "InterfaceAdapters", "InterfaceAdapters", "{AC4641B5-3382-4081-8980-B9A5E3ACA109}"
EndProject
Project("{2150E333-8FDC-42A3-9474-1A3956D46DE8}") = "FrameworksAndDrivers", "FrameworksAndDrivers", "{5A82E051-2613-455B-A31F-DC503368EBA2}"
EndProject
Project("{9A19103F-16F7-4668-BE54-9A1E7A4F7556}") = "CleanArchitectureApp.InputPort", "..\CleanArchitectureApp.InputPort\CleanArchitectureApp.InputPort.csproj", "{86A5287F-71FB-443C-BADB-2C365342F161}"
EndProject
Project("{9A19103F-16F7-4668-BE54-9A1E7A4F7556}") = "CleanArchitectureApp.OutputPort", "..\CleanArchitectureApp.OutputPort\CleanArchitectureApp.OutputPort.csproj", "{2F809A53-1C0B-410E-B38A-4CD336B411CE}"
EndProject
Project("{9A19103F-16F7-4668-BE54-9A1E7A4F7556}") = "CleanArchitectureApp.Interactor", "..\CleanArchitectureApp.Interactor\CleanArchitectureApp.Interactor.csproj", "{BD0E7EE6-BF2D-401B-9C0D-40D166161915}"
EndProject
Project("{9A19103F-16F7-4668-BE54-9A1E7A4F7556}") = "CleanArchitectureApp.Dto", "..\CleanArchitectureApp.Dto\CleanArchitectureApp.Dto.csproj", "{489FA36A-728F-4C70-8D10-B8C019E5D190}"
EndProject
Project("{FAE04EC0-301F-11D3-BF4B-00C04F79EFBC}") = "CleanArchitectureApp.Presenter", "..\CleanArchitectureApp.Presenter\CleanArchitectureApp.Presenter.csproj", "{9D36EE70-4C90-4DAB-A256-B67D3E90052E}"
EndProject
Global
	GlobalSection(SolutionConfigurationPlatforms) = preSolution
		Debug|Any CPU = Debug|Any CPU
		Release|Any CPU = Release|Any CPU
	EndGlobalSection
	GlobalSection(ProjectConfigurationPlatforms) = postSolution
		{DE8D380D-AD73-4B69-A2D7-3A76800550A9}.Debug|Any CPU.ActiveCfg = Debug|Any CPU
		{DE8D380D-AD73-4B69-A2D7-3A76800550A9}.Debug|Any CPU.Build.0 = Debug|Any CPU
		{DE8D380D-AD73-4B69-A2D7-3A76800550A9}.Release|Any CPU.ActiveCfg = Release|Any CPU
		{DE8D380D-AD73-4B69-A2D7-3A76800550A9}.Release|Any CPU.Build.0 = Release|Any CPU
		{218AB2A0-179F-43CA-85E7-46D17F57C016}.Debug|Any CPU.ActiveCfg = Debug|Any CPU
		{218AB2A0-179F-43CA-85E7-46D17F57C016}.Debug|Any CPU.Build.0 = Debug|Any CPU
		{218AB2A0-179F-43CA-85E7-46D17F57C016}.Release|Any CPU.ActiveCfg = Release|Any CPU
		{218AB2A0-179F-43CA-85E7-46D17F57C016}.Release|Any CPU.Build.0 = Release|Any CPU
		{D8873A9D-82F3-42D1-B425-B111B90BC9DA}.Debug|Any CPU.ActiveCfg = Debug|Any CPU
		{D8873A9D-82F3-42D1-B425-B111B90BC9DA}.Debug|Any CPU.Build.0 = Debug|Any CPU
		{D8873A9D-82F3-42D1-B425-B111B90BC9DA}.Release|Any CPU.ActiveCfg = Release|Any CPU
		{D8873A9D-82F3-42D1-B425-B111B90BC9DA}.Release|Any CPU.Build.0 = Release|Any CPU
		{86A5287F-71FB-443C-BADB-2C365342F161}.Debug|Any CPU.ActiveCfg = Debug|Any CPU
		{86A5287F-71FB-443C-BADB-2C365342F161}.Debug|Any CPU.Build.0 = Debug|Any CPU
		{86A5287F-71FB-443C-BADB-2C365342F161}.Release|Any CPU.ActiveCfg = Release|Any CPU
		{86A5287F-71FB-443C-BADB-2C365342F161}.Release|Any CPU.Build.0 = Release|Any CPU
		{2F809A53-1C0B-410E-B38A-4CD336B411CE}.Debug|Any CPU.ActiveCfg = Debug|Any CPU
		{2F809A53-1C0B-410E-B38A-4CD336B411CE}.Debug|Any CPU.Build.0 = Debug|Any CPU
		{2F809A53-1C0B-410E-B38A-4CD336B411CE}.Release|Any CPU.ActiveCfg = Release|Any CPU
		{2F809A53-1C0B-410E-B38A-4CD336B411CE}.Release|Any CPU.Build.0 = Release|Any CPU
		{BD0E7EE6-BF2D-401B-9C0D-40D166161915}.Debug|Any CPU.ActiveCfg = Debug|Any CPU
		{BD0E7EE6-BF2D-401B-9C0D-40D166161915}.Debug|Any CPU.Build.0 = Debug|Any CPU
		{BD0E7EE6-BF2D-401B-9C0D-40D166161915}.Release|Any CPU.ActiveCfg = Release|Any CPU
		{BD0E7EE6-BF2D-401B-9C0D-40D166161915}.Release|Any CPU.Build.0 = Release|Any CPU
		{489FA36A-728F-4C70-8D10-B8C019E5D190}.Debug|Any CPU.ActiveCfg = Debug|Any CPU
		{489FA36A-728F-4C70-8D10-B8C019E5D190}.Debug|Any CPU.Build.0 = Debug|Any CPU
		{489FA36A-728F-4C70-8D10-B8C019E5D190}.Release|Any CPU.ActiveCfg = Release|Any CPU
		{489FA36A-728F-4C70-8D10-B8C019E5D190}.Release|Any CPU.Build.0 = Release|Any CPU
		{9D36EE70-4C90-4DAB-A256-B67D3E90052E}.Debug|Any CPU.ActiveCfg = Debug|Any CPU
		{9D36EE70-4C90-4DAB-A256-B67D3E90052E}.Debug|Any CPU.Build.0 = Debug|Any CPU
		{9D36EE70-4C90-4DAB-A256-B67D3E90052E}.Release|Any CPU.ActiveCfg = Release|Any CPU
		{9D36EE70-4C90-4DAB-A256-B67D3E90052E}.Release|Any CPU.Build.0 = Release|Any CPU
	EndGlobalSection
	GlobalSection(SolutionProperties) = preSolution
		HideSolutionNode = FALSE
	EndGlobalSection
	GlobalSection(NestedProjects) = preSolution
		{DE8D380D-AD73-4B69-A2D7-3A76800550A9} = {5A82E051-2613-455B-A31F-DC503368EBA2}
		{218AB2A0-179F-43CA-85E7-46D17F57C016} = {E09D86D9-52DF-45B4-9880-E59B1FD437CC}
		{D8873A9D-82F3-42D1-B425-B111B90BC9DA} = {AC4641B5-3382-4081-8980-B9A5E3ACA109}
		{86A5287F-71FB-443C-BADB-2C365342F161} = {805738EF-0872-4DD8-B214-A232CEF1FD5C}
		{2F809A53-1C0B-410E-B38A-4CD336B411CE} = {805738EF-0872-4DD8-B214-A232CEF1FD5C}
		{BD0E7EE6-BF2D-401B-9C0D-40D166161915} = {805738EF-0872-4DD8-B214-A232CEF1FD5C}
		{489FA36A-728F-4C70-8D10-B8C019E5D190} = {805738EF-0872-4DD8-B214-A232CEF1FD5C}
		{9D36EE70-4C90-4DAB-A256-B67D3E90052E} = {AC4641B5-3382-4081-8980-B9A5E3ACA109}
	EndGlobalSection
	GlobalSection(ExtensibilityGlobals) = postSolution
		SolutionGuid = {68D44D9D-8E4F-4FFE-A4E2-7D8D4793C924}
	EndGlobalSection
EndGlobal
